
Microsoft Visual Studio Solution File, Format Version 12.00
# Visual Studio Version 17
VisualStudioVersion = 17.4.33213.308
MinimumVisualStudioVersion = 10.0.40219.1
Project("{FAE04EC0-301F-11D3-BF4B-00C04F79EFBC}") = "ITRepair", "ITRepair\ITRepair.csproj", "{DCA383EC-F81A-4892-B979-5DE878F3E79B}"
EndProject
Global
	GlobalSection(SolutionConfigurationPlatforms) = preSolution
		Debug|Any CPU = Debug|Any CPU
		Release|Any CPU = Release|Any CPU
	EndGlobalSection
	GlobalSection(ProjectConfigurationPlatforms) = postSolution
		{DCA383EC-F81A-4892-B979-5DE878F3E79B}.Debug|Any CPU.ActiveCfg = Debug|Any CPU
		{DCA383EC-F81A-4892-B979-5DE878F3E79B}.Debug|Any CPU.Build.0 = Debug|Any CPU
		{DCA383EC-F81A-4892-B979-5DE878F3E79B}.Release|Any CPU.ActiveCfg = Release|Any CPU
		{DCA383EC-F81A-4892-B979-5DE878F3E79B}.Release|Any CPU.Build.0 = Release|Any CPU
	EndGlobalSection
	GlobalSection(SolutionProperties) = preSolution
		HideSolutionNode = FALSE
	EndGlobalSection
	GlobalSection(ExtensibilityGlobals) = postSolution
		SolutionGuid = {090D344F-D90B-47FD-BBCF-E52008F2FA51}
	EndGlobalSection
EndGlobal
